
Microsoft Visual Studio Solution File, Format Version 12.00
# Visual Studio Version 17
VisualStudioVersion = 17.13.35931.197 d17.13
MinimumVisualStudioVersion = 10.0.40219.1
Project("{888888A0-9F3D-457C-B088-3A5042F75D52}") = "Network Port scanner", "Network Port scanner.pyproj", "{44318D73-2BBF-42E1-8A04-91F765564916}"
EndProject
Global
	GlobalSection(SolutionConfigurationPlatforms) = preSolution
		Debug|Any CPU = Debug|Any CPU
		Release|Any CPU = Release|Any CPU
	EndGlobalSection
	GlobalSection(ProjectConfigurationPlatforms) = postSolution
		{44318D73-2BBF-42E1-8A04-91F765564916}.Debug|Any CPU.ActiveCfg = Debug|Any CPU
		{44318D73-2BBF-42E1-8A04-91F765564916}.Release|Any CPU.ActiveCfg = Release|Any CPU
	EndGlobalSection
	GlobalSection(SolutionProperties) = preSolution
		HideSolutionNode = FALSE
	EndGlobalSection
	GlobalSection(ExtensibilityGlobals) = postSolution
		SolutionGuid = {F9362894-2EBD-454B-8C0E-CDDEAE9DC714}
	EndGlobalSection
EndGlobal
